
Microsoft Visual Studio Solution File, Format Version 12.00
Project("{FAE04EC0-301F-11D3-BF4B-00C04F79EFBC}") = "FlightScoreboard", "FlightScoreboard\FlightScoreboard.csproj", "{982EC4C6-66C7-47AC-B79A-5347050A9A2E}"
EndProject
Project("{FAE04EC0-301F-11D3-BF4B-00C04F79EFBC}") = "FlightScoreboard.Tests", "FlightScoreboard.Tests\FlightScoreboard.Tests.csproj", "{55FF2C43-1036-4151-B61F-9CD8012018E1}"
EndProject
Global
	GlobalSection(SolutionConfigurationPlatforms) = preSolution
		Debug|Any CPU = Debug|Any CPU
		Release|Any CPU = Release|Any CPU
	EndGlobalSection
	GlobalSection(ProjectConfigurationPlatforms) = postSolution
		{982EC4C6-66C7-47AC-B79A-5347050A9A2E}.Debug|Any CPU.ActiveCfg = Debug|Any CPU
		{982EC4C6-66C7-47AC-B79A-5347050A9A2E}.Debug|Any CPU.Build.0 = Debug|Any CPU
		{982EC4C6-66C7-47AC-B79A-5347050A9A2E}.Release|Any CPU.ActiveCfg = Release|Any CPU
		{982EC4C6-66C7-47AC-B79A-5347050A9A2E}.Release|Any CPU.Build.0 = Release|Any CPU
		{55FF2C43-1036-4151-B61F-9CD8012018E1}.Debug|Any CPU.ActiveCfg = Debug|Any CPU
		{55FF2C43-1036-4151-B61F-9CD8012018E1}.Debug|Any CPU.Build.0 = Debug|Any CPU
		{55FF2C43-1036-4151-B61F-9CD8012018E1}.Release|Any CPU.ActiveCfg = Release|Any CPU
		{55FF2C43-1036-4151-B61F-9CD8012018E1}.Release|Any CPU.Build.0 = Release|Any CPU
	EndGlobalSection
EndGlobal
